// !$*UTF8*$!
{
	archiveVersion = 1;
	classes = {
	};
	objectVersion = 46;
	objects = {

/* Begin PBXBuildFile section */
		DA0432CD1F6AF386002EF8F6 /* coin.png in Resources */ = {isa = PBXBuildFile; fileRef = DA0432CB1F6AF386002EF8F6 /* coin.png */; };
		DA0432CE1F6AF386002EF8F6 /* collectable.png in Resources */ = {isa = PBXBuildFile; fileRef = DA0432CC1F6AF386002EF8F6 /* collectable.png */; };
		DA0432D11F6B1338002EF8F6 /* GameplayController.swift in Sources */ = {isa = PBXBuildFile; fileRef = DA0432D01F6B1338002EF8F6 /* GameplayController.swift */; };
		DA0432D91F6B3A5C002EF8F6 /* GameData.swift in Sources */ = {isa = PBXBuildFile; fileRef = DA0432D81F6B3A5C002EF8F6 /* GameData.swift */; };
		DA0432DB1F6B3AD7002EF8F6 /* GameManager.swift in Sources */ = {isa = PBXBuildFile; fileRef = DA0432DA1F6B3AD7002EF8F6 /* GameManager.swift */; };
		DA2220EF1F68F16A0009AB60 /* Egypt 01-1.png in Resources */ = {isa = PBXBuildFile; fileRef = DA2220E91F68F16A0009AB60 /* Egypt 01-1.png */; };
		DA2220F01F68F16A0009AB60 /* Egypt 01-2.png in Resources */ = {isa = PBXBuildFile; fileRef = DA2220EA1F68F16A0009AB60 /* Egypt 01-2.png */; };
		DA2220F11F68F16A0009AB60 /* Egypt 01-3.png in Resources */ = {isa = PBXBuildFile; fileRef = DA2220EB1F68F16A0009AB60 /* Egypt 01-3.png */; };
		DA2220F21F68F16A0009AB60 /* Egypt 01-4.png in Resources */ = {isa = PBXBuildFile; fileRef = DA2220EC1F68F16A0009AB60 /* Egypt 01-4.png */; };
		DA2220F31F68F16A0009AB60 /* Egypt 01-5.png in Resources */ = {isa = PBXBuildFile; fileRef = DA2220ED1F68F16A0009AB60 /* Egypt 01-5.png */; };
		DA2220F41F68F16A0009AB60 /* Egypt 01-6.png in Resources */ = {isa = PBXBuildFile; fileRef = DA2220EE1F68F16A0009AB60 /* Egypt 01-6.png */; };
		DA2599641F73941400BB9573 /* testScene.sks in Resources */ = {isa = PBXBuildFile; fileRef = DA2599631F73941400BB9573 /* testScene.sks */; };
		DA2599861F7397C600BB9573 /* german1-0.png in Resources */ = {isa = PBXBuildFile; fileRef = DA25997C1F7397C600BB9573 /* german1-0.png */; };
		DA2599871F7397C600BB9573 /* german1-1.png in Resources */ = {isa = PBXBuildFile; fileRef = DA25997D1F7397C600BB9573 /* german1-1.png */; };
		DA2599881F7397C600BB9573 /* german1-2.png in Resources */ = {isa = PBXBuildFile; fileRef = DA25997E1F7397C600BB9573 /* german1-2.png */; };
		DA2599891F7397C600BB9573 /* german1-3.png in Resources */ = {isa = PBXBuildFile; fileRef = DA25997F1F7397C600BB9573 /* german1-3.png */; };
		DA25998A1F7397C600BB9573 /* german1-4.png in Resources */ = {isa = PBXBuildFile; fileRef = DA2599801F7397C600BB9573 /* german1-4.png */; };
		DA25998B1F7397C600BB9573 /* german1-5.png in Resources */ = {isa = PBXBuildFile; fileRef = DA2599811F7397C600BB9573 /* german1-5.png */; };
		DA25998C1F7397C600BB9573 /* german1-6.png in Resources */ = {isa = PBXBuildFile; fileRef = DA2599821F7397C600BB9573 /* german1-6.png */; };
		DA25998D1F7397C600BB9573 /* german1-7.png in Resources */ = {isa = PBXBuildFile; fileRef = DA2599831F7397C600BB9573 /* german1-7.png */; };
		DA25998E1F7397C600BB9573 /* german1-8.png in Resources */ = {isa = PBXBuildFile; fileRef = DA2599841F7397C600BB9573 /* german1-8.png */; };
		DA25998F1F7397C600BB9573 /* german1-9.png in Resources */ = {isa = PBXBuildFile; fileRef = DA2599851F7397C600BB9573 /* german1-9.png */; };
		DA2599A11F74DD6A00BB9573 /* settingtest.sks in Resources */ = {isa = PBXBuildFile; fileRef = DA2599A01F74DD6A00BB9573 /* settingtest.sks */; };
		DA29749E1F68DEDE005F6B41 /* AppDelegate.swift in Sources */ = {isa = PBXBuildFile; fileRef = DA29749D1F68DEDE005F6B41 /* AppDelegate.swift */; };
		DA2974A01F68DEDE005F6B41 /* GameScene.sks in Resources */ = {isa = PBXBuildFile; fileRef = DA29749F1F68DEDE005F6B41 /* GameScene.sks */; };
		DA2974A21F68DEDE005F6B41 /* Actions.sks in Resources */ = {isa = PBXBuildFile; fileRef = DA2974A11F68DEDE005F6B41 /* Actions.sks */; };
		DA2974A41F68DEDE005F6B41 /* GameScene.swift in Sources */ = {isa = PBXBuildFile; fileRef = DA2974A31F68DEDE005F6B41 /* GameScene.swift */; };
		DA2974A61F68DEDE005F6B41 /* GameViewController.swift in Sources */ = {isa = PBXBuildFile; fileRef = DA2974A51F68DEDE005F6B41 /* GameViewController.swift */; };
		DA2974A91F68DEDE005F6B41 /* Main.storyboard in Resources */ = {isa = PBXBuildFile; fileRef = DA2974A71F68DEDE005F6B41 /* Main.storyboard */; };
		DA2974AB1F68DEDE005F6B41 /* Assets.xcassets in Resources */ = {isa = PBXBuildFile; fileRef = DA2974AA1F68DEDE005F6B41 /* Assets.xcassets */; };
		DA2974AE1F68DEDE005F6B41 /* LaunchScreen.storyboard in Resources */ = {isa = PBXBuildFile; fileRef = DA2974AC1F68DEDE005F6B41 /* LaunchScreen.storyboard */; };
		DA2974B91F68DEDE005F6B41 /* come_on_chu_chuTests.swift in Sources */ = {isa = PBXBuildFile; fileRef = DA2974B81F68DEDE005F6B41 /* come_on_chu_chuTests.swift */; };
		DA2974C41F68DEDE005F6B41 /* come_on_chu_chuUITests.swift in Sources */ = {isa = PBXBuildFile; fileRef = DA2974C31F68DEDE005F6B41 /* come_on_chu_chuUITests.swift */; };
		DA2974D61F68DF74005F6B41 /* Player.swift in Sources */ = {isa = PBXBuildFile; fileRef = DA2974D51F68DF74005F6B41 /* Player.swift */; };
		DA2974D81F68DF91005F6B41 /* GameplayScene.swift in Sources */ = {isa = PBXBuildFile; fileRef = DA2974D71F68DF91005F6B41 /* GameplayScene.swift */; };
		DA2974DA1F68DFA6005F6B41 /* MainMenuScene.swift in Sources */ = {isa = PBXBuildFile; fileRef = DA2974D91F68DFA6005F6B41 /* MainMenuScene.swift */; };
		DA2974DC1F68DFB3005F6B41 /* MainMenuScene.sks in Resources */ = {isa = PBXBuildFile; fileRef = DA2974DB1F68DFB3005F6B41 /* MainMenuScene.sks */; };
		DA29768D1F68E366005F6B41 /* Egypt1.sks in Resources */ = {isa = PBXBuildFile; fileRef = DA29768C1F68E366005F6B41 /* Egypt1.sks */; };
		DACF746A1F75F6D300915446 /* CollectionScene.sks in Resources */ = {isa = PBXBuildFile; fileRef = DACF74691F75F6D300915446 /* CollectionScene.sks */; };
		DACF74981F75F98300915446 /* daytime-default.png in Resources */ = {isa = PBXBuildFile; fileRef = DACF74861F75F98300915446 /* daytime-default.png */; };
		DACF74991F75F98300915446 /* daytime-holycrapSelected.png in Resources */ = {isa = PBXBuildFile; fileRef = DACF74871F75F98300915446 /* daytime-holycrapSelected.png */; };
		DACF749A1F75F98300915446 /* daytime-mycatSelected.png in Resources */ = {isa = PBXBuildFile; fileRef = DACF74881F75F98300915446 /* daytime-mycatSelected.png */; };
		DACF749B1F75F98300915446 /* daytime-normalSelected.png in Resources */ = {isa = PBXBuildFile; fileRef = DACF74891F75F98300915446 /* daytime-normalSelected.png */; };
		DACF749C1F75F98300915446 /* daytime-rareSelected.png in Resources */ = {isa = PBXBuildFile; fileRef = DACF748A1F75F98300915446 /* daytime-rareSelected.png */; };
		DACF749F1F75F98300915446 /* nighttime-default.png in Resources */ = {isa = PBXBuildFile; fileRef = DACF74901F75F98300915446 /* nighttime-default.png */; };
		DACF74A01F75F98300915446 /* nighttime-holycrapSelected.png in Resources */ = {isa = PBXBuildFile; fileRef = DACF74911F75F98300915446 /* nighttime-holycrapSelected.png */; };
		DACF74A11F75F98300915446 /* nighttime-mycatSelected.png in Resources */ = {isa = PBXBuildFile; fileRef = DACF74921F75F98300915446 /* nighttime-mycatSelected.png */; };
		DACF74A21F75F98300915446 /* nighttime-normalSelected.png in Resources */ = {isa = PBXBuildFile; fileRef = DACF74931F75F98300915446 /* nighttime-normalSelected.png */; };
		DACF74A31F75F98300915446 /* nighttime-rareSelected.png in Resources */ = {isa = PBXBuildFile; fileRef = DACF74941F75F98300915446 /* nighttime-rareSelected.png */; };
		DACF74A71F75F9AC00915446 /* CollectionScene.swift in Sources */ = {isa = PBXBuildFile; fileRef = DACF74A61F75F9AC00915446 /* CollectionScene.swift */; };
		DACF74A91F75FC9700915446 /* daytime-superrareSelected.png in Resources */ = {isa = PBXBuildFile; fileRef = DACF74A81F75FC9700915446 /* daytime-superrareSelected.png */; };
		DACF74AB1F76000F00915446 /* switch on.png in Resources */ = {isa = PBXBuildFile; fileRef = DACF74AA1F76000F00915446 /* switch on.png */; };
		DACF74AD1F76001600915446 /* switch off.png in Resources */ = {isa = PBXBuildFile; fileRef = DACF74AC1F76001600915446 /* switch off.png */; };
		DACF74B31F76020600915446 /* nighttime-superrareSelected.png in Resources */ = {isa = PBXBuildFile; fileRef = DACF74B21F76020600915446 /* nighttime-superrareSelected.png */; };
		DACF74B51F76037300915446 /* backToMenu.png in Resources */ = {isa = PBXBuildFile; fileRef = DACF74B41F76037300915446 /* backToMenu.png */; };
		DAD6571D1F6A2DD9007F99ED /* Obstacles.swift in Sources */ = {isa = PBXBuildFile; fileRef = DAD6571C1F6A2DD9007F99ED /* Obstacles.swift */; };
		DAD6571F1F6A2DFF007F99ED /* Collectables.swift in Sources */ = {isa = PBXBuildFile; fileRef = DAD6571E1F6A2DFF007F99ED /* Collectables.swift */; };
		DAD657211F6A2E66007F99ED /* Constants.swift in Sources */ = {isa = PBXBuildFile; fileRef = DAD657201F6A2E66007F99ED /* Constants.swift */; };
		DAD657261F6A3EAA007F99ED /* testcat.png in Resources */ = {isa = PBXBuildFile; fileRef = DAD657221F6A3EAA007F99ED /* testcat.png */; };
		DAD657271F6A3EAA007F99ED /* testcat2.png in Resources */ = {isa = PBXBuildFile; fileRef = DAD657231F6A3EAA007F99ED /* testcat2.png */; };
		DAD657281F6A3EAA007F99ED /* testcat3.png in Resources */ = {isa = PBXBuildFile; fileRef = DAD657241F6A3EAA007F99ED /* testcat3.png */; };
		DAD657291F6A3EAA007F99ED /* testcat4.png in Resources */ = {isa = PBXBuildFile; fileRef = DAD657251F6A3EAA007F99ED /* testcat4.png */; };
		DAD6572B1F6A3F3C007F99ED /* Cat.swift in Sources */ = {isa = PBXBuildFile; fileRef = DAD6572A1F6A3F3C007F99ED /* Cat.swift */; };
		DADC52871F7510550033BB28 /* check sign.png in Resources */ = {isa = PBXBuildFile; fileRef = DADC52811F7510550033BB28 /* check sign.png */; };
		DADC52881F7510550033BB28 /* default setting screen.png in Resources */ = {isa = PBXBuildFile; fileRef = DADC52821F7510550033BB28 /* default setting screen.png */; };
		DADC52891F7510550033BB28 /* facebookBtn.png in Resources */ = {isa = PBXBuildFile; fileRef = DADC52831F7510550033BB28 /* facebookBtn.png */; };
		DADC528A1F7510550033BB28 /* instruction.png in Resources */ = {isa = PBXBuildFile; fileRef = DADC52841F7510550033BB28 /* instruction.png */; };
		DADC528B1F7510550033BB28 /* selectionBox.png in Resources */ = {isa = PBXBuildFile; fileRef = DADC52851F7510550033BB28 /* selectionBox.png */; };
		DADC528C1F7510550033BB28 /* Setting Screen.png in Resources */ = {isa = PBXBuildFile; fileRef = DADC52861F7510550033BB28 /* Setting Screen.png */; };
		DADC52921F7510C10033BB28 /* booster.png in Resources */ = {isa = PBXBuildFile; fileRef = DADC528D1F7510C10033BB28 /* booster.png */; };
		DADC52931F7510C10033BB28 /* healthBar.png in Resources */ = {isa = PBXBuildFile; fileRef = DADC528E1F7510C10033BB28 /* healthBar.png */; };
		DADC52941F7510C10033BB28 /* interface.png in Resources */ = {isa = PBXBuildFile; fileRef = DADC528F1F7510C10033BB28 /* interface.png */; };
		DADC52951F7510C10033BB28 /* itemPanel.png in Resources */ = {isa = PBXBuildFile; fileRef = DADC52901F7510C10033BB28 /* itemPanel.png */; };
		DADC52961F7510C10033BB28 /* pause.png in Resources */ = {isa = PBXBuildFile; fileRef = DADC52911F7510C10033BB28 /* pause.png */; };
		DADC529D1F7510DA0033BB28 /* jukebox.png in Resources */ = {isa = PBXBuildFile; fileRef = DADC52971F7510DA0033BB28 /* jukebox.png */; };
		DADC529E1F7510DA0033BB28 /* main screen.png in Resources */ = {isa = PBXBuildFile; fileRef = DADC52981F7510DA0033BB28 /* main screen.png */; };
		DADC529F1F7510DA0033BB28 /* mainBackground.png in Resources */ = {isa = PBXBuildFile; fileRef = DADC52991F7510DA0033BB28 /* mainBackground.png */; };
		DADC52A01F7510DA0033BB28 /* mainBoard.png in Resources */ = {isa = PBXBuildFile; fileRef = DADC529A1F7510DA0033BB28 /* mainBoard.png */; };
		DADC52A11F7510DA0033BB28 /* mainCollectionBook.png in Resources */ = {isa = PBXBuildFile; fileRef = DADC529B1F7510DA0033BB28 /* mainCollectionBook.png */; };
		DADC52A21F7510DA0033BB28 /* mainToHome.png in Resources */ = {isa = PBXBuildFile; fileRef = DADC529C1F7510DA0033BB28 /* mainToHome.png */; };
		DADC52A91F75111F0033BB28 /* mainCollectableBar.png in Resources */ = {isa = PBXBuildFile; fileRef = DADC52A41F75111F0033BB28 /* mainCollectableBar.png */; };
		DADC52AA1F75111F0033BB28 /* mainDailyBonus.png in Resources */ = {isa = PBXBuildFile; fileRef = DADC52A51F75111F0033BB28 /* mainDailyBonus.png */; };
		DADC52AB1F75111F0033BB28 /* mainItemBar.png in Resources */ = {isa = PBXBuildFile; fileRef = DADC52A61F75111F0033BB28 /* mainItemBar.png */; };
		DADC52AC1F75111F0033BB28 /* mainPresent.png in Resources */ = {isa = PBXBuildFile; fileRef = DADC52A71F75111F0033BB28 /* mainPresent.png */; };
		DADC52AD1F75111F0033BB28 /* mainSetting.png in Resources */ = {isa = PBXBuildFile; fileRef = DADC52A81F75111F0033BB28 /* mainSetting.png */; };
/* End PBXBuildFile section */

/* Begin PBXContainerItemProxy section */
		DA2974B51F68DEDE005F6B41 /* PBXContainerItemProxy */ = {
			isa = PBXContainerItemProxy;
			containerPortal = DA2974921F68DEDE005F6B41 /* Project object */;
			proxyType = 1;
			remoteGlobalIDString = DA2974991F68DEDE005F6B41;
			remoteInfo = "come-on-chu-chu";
		};
		DA2974C01F68DEDE005F6B41 /* PBXContainerItemProxy */ = {
			isa = PBXContainerItemProxy;
			containerPortal = DA2974921F68DEDE005F6B41 /* Project object */;
			proxyType = 1;
			remoteGlobalIDString = DA2974991F68DEDE005F6B41;
			remoteInfo = "come-on-chu-chu";
		};
/* End PBXContainerItemProxy section */

/* Begin PBXFileReference section */
		DA0432CB1F6AF386002EF8F6 /* coin.png */ = {isa = PBXFileReference; lastKnownFileType = image.png; name = coin.png; path = Assets/coin.png; sourceTree = "<group>"; };
		DA0432CC1F6AF386002EF8F6 /* collectable.png */ = {isa = PBXFileReference; lastKnownFileType = image.png; name = collectable.png; path = Assets/collectable.png; sourceTree = "<group>"; };
		DA0432D01F6B1338002EF8F6 /* GameplayController.swift */ = {isa = PBXFileReference; fileEncoding = 4; lastKnownFileType = sourcecode.swift; path = GameplayController.swift; sourceTree = "<group>"; };
		DA0432D81F6B3A5C002EF8F6 /* GameData.swift */ = {isa = PBXFileReference; fileEncoding = 4; lastKnownFileType = sourcecode.swift; path = GameData.swift; sourceTree = "<group>"; };
		DA0432DA1F6B3AD7002EF8F6 /* GameManager.swift */ = {isa = PBXFileReference; fileEncoding = 4; lastKnownFileType = sourcecode.swift; path = GameManager.swift; sourceTree = "<group>"; };
		DA2220E91F68F16A0009AB60 /* Egypt 01-1.png */ = {isa = PBXFileReference; lastKnownFileType = image.png; name = "Egypt 01-1.png"; path = "Assets/Egypt/Egypt 01-1.png"; sourceTree = "<group>"; };
		DA2220EA1F68F16A0009AB60 /* Egypt 01-2.png */ = {isa = PBXFileReference; lastKnownFileType = image.png; name = "Egypt 01-2.png"; path = "Assets/Egypt/Egypt 01-2.png"; sourceTree = "<group>"; };
		DA2220EB1F68F16A0009AB60 /* Egypt 01-3.png */ = {isa = PBXFileReference; lastKnownFileType = image.png; name = "Egypt 01-3.png"; path = "Assets/Egypt/Egypt 01-3.png"; sourceTree = "<group>"; };
		DA2220EC1F68F16A0009AB60 /* Egypt 01-4.png */ = {isa = PBXFileReference; lastKnownFileType = image.png; name = "Egypt 01-4.png"; path = "Assets/Egypt/Egypt 01-4.png"; sourceTree = "<group>"; };
		DA2220ED1F68F16A0009AB60 /* Egypt 01-5.png */ = {isa = PBXFileReference; lastKnownFileType = image.png; name = "Egypt 01-5.png"; path = "Assets/Egypt/Egypt 01-5.png"; sourceTree = "<group>"; };
		DA2220EE1F68F16A0009AB60 /* Egypt 01-6.png */ = {isa = PBXFileReference; lastKnownFileType = image.png; name = "Egypt 01-6.png"; path = "Assets/Egypt/Egypt 01-6.png"; sourceTree = "<group>"; };
		DA2599631F73941400BB9573 /* testScene.sks */ = {isa = PBXFileReference; lastKnownFileType = file.sks; path = testScene.sks; sourceTree = "<group>"; };
		DA25997C1F7397C600BB9573 /* german1-0.png */ = {isa = PBXFileReference; lastKnownFileType = image.png; name = "german1-0.png"; path = "Assets/german1 [www.imagesplitter.net]/german1-0.png"; sourceTree = "<group>"; };
		DA25997D1F7397C600BB9573 /* german1-1.png */ = {isa = PBXFileReference; lastKnownFileType = image.png; name = "german1-1.png"; path = "Assets/german1 [www.imagesplitter.net]/german1-1.png"; sourceTree = "<group>"; };
		DA25997E1F7397C600BB9573 /* german1-2.png */ = {isa = PBXFileReference; lastKnownFileType = image.png; name = "german1-2.png"; path = "Assets/german1 [www.imagesplitter.net]/german1-2.png"; sourceTree = "<group>"; };
		DA25997F1F7397C600BB9573 /* german1-3.png */ = {isa = PBXFileReference; lastKnownFileType = image.png; name = "german1-3.png"; path = "Assets/german1 [www.imagesplitter.net]/german1-3.png"; sourceTree = "<group>"; };
		DA2599801F7397C600BB9573 /* german1-4.png */ = {isa = PBXFileReference; lastKnownFileType = image.png; name = "german1-4.png"; path = "Assets/german1 [www.imagesplitter.net]/german1-4.png"; sourceTree = "<group>"; };
		DA2599811F7397C600BB9573 /* german1-5.png */ = {isa = PBXFileReference; lastKnownFileType = image.png; name = "german1-5.png"; path = "Assets/german1 [www.imagesplitter.net]/german1-5.png"; sourceTree = "<group>"; };
		DA2599821F7397C600BB9573 /* german1-6.png */ = {isa = PBXFileReference; lastKnownFileType = image.png; name = "german1-6.png"; path = "Assets/german1 [www.imagesplitter.net]/german1-6.png"; sourceTree = "<group>"; };
		DA2599831F7397C600BB9573 /* german1-7.png */ = {isa = PBXFileReference; lastKnownFileType = image.png; name = "german1-7.png"; path = "Assets/german1 [www.imagesplitter.net]/german1-7.png"; sourceTree = "<group>"; };
		DA2599841F7397C600BB9573 /* german1-8.png */ = {isa = PBXFileReference; lastKnownFileType = image.png; name = "german1-8.png"; path = "Assets/german1 [www.imagesplitter.net]/german1-8.png"; sourceTree = "<group>"; };
		DA2599851F7397C600BB9573 /* german1-9.png */ = {isa = PBXFileReference; lastKnownFileType = image.png; name = "german1-9.png"; path = "Assets/german1 [www.imagesplitter.net]/german1-9.png"; sourceTree = "<group>"; };
		DA2599A01F74DD6A00BB9573 /* settingtest.sks */ = {isa = PBXFileReference; lastKnownFileType = file.sks; path = settingtest.sks; sourceTree = "<group>"; };
		DA29749A1F68DEDE005F6B41 /* come-on-chu-chu.app */ = {isa = PBXFileReference; explicitFileType = wrapper.application; includeInIndex = 0; path = "come-on-chu-chu.app"; sourceTree = BUILT_PRODUCTS_DIR; };
		DA29749D1F68DEDE005F6B41 /* AppDelegate.swift */ = {isa = PBXFileReference; lastKnownFileType = sourcecode.swift; path = AppDelegate.swift; sourceTree = "<group>"; };
		DA29749F1F68DEDE005F6B41 /* GameScene.sks */ = {isa = PBXFileReference; lastKnownFileType = file.sks; path = GameScene.sks; sourceTree = "<group>"; };
		DA2974A11F68DEDE005F6B41 /* Actions.sks */ = {isa = PBXFileReference; lastKnownFileType = file.sks; path = Actions.sks; sourceTree = "<group>"; };
		DA2974A31F68DEDE005F6B41 /* GameScene.swift */ = {isa = PBXFileReference; lastKnownFileType = sourcecode.swift; path = GameScene.swift; sourceTree = "<group>"; };
		DA2974A51F68DEDE005F6B41 /* GameViewController.swift */ = {isa = PBXFileReference; lastKnownFileType = sourcecode.swift; path = GameViewController.swift; sourceTree = "<group>"; };
		DA2974A81F68DEDE005F6B41 /* Base */ = {isa = PBXFileReference; lastKnownFileType = file.storyboard; name = Base; path = Base.lproj/Main.storyboard; sourceTree = "<group>"; };
		DA2974AA1F68DEDE005F6B41 /* Assets.xcassets */ = {isa = PBXFileReference; lastKnownFileType = folder.assetcatalog; path = Assets.xcassets; sourceTree = "<group>"; };
		DA2974AD1F68DEDE005F6B41 /* Base */ = {isa = PBXFileReference; lastKnownFileType = file.storyboard; name = Base; path = Base.lproj/LaunchScreen.storyboard; sourceTree = "<group>"; };
		DA2974AF1F68DEDE005F6B41 /* Info.plist */ = {isa = PBXFileReference; lastKnownFileType = text.plist.xml; path = Info.plist; sourceTree = "<group>"; };
		DA2974B41F68DEDE005F6B41 /* come-on-chu-chuTests.xctest */ = {isa = PBXFileReference; explicitFileType = wrapper.cfbundle; includeInIndex = 0; path = "come-on-chu-chuTests.xctest"; sourceTree = BUILT_PRODUCTS_DIR; };
		DA2974B81F68DEDE005F6B41 /* come_on_chu_chuTests.swift */ = {isa = PBXFileReference; lastKnownFileType = sourcecode.swift; path = come_on_chu_chuTests.swift; sourceTree = "<group>"; };
		DA2974BA1F68DEDE005F6B41 /* Info.plist */ = {isa = PBXFileReference; lastKnownFileType = text.plist.xml; path = Info.plist; sourceTree = "<group>"; };
		DA2974BF1F68DEDE005F6B41 /* come-on-chu-chuUITests.xctest */ = {isa = PBXFileReference; explicitFileType = wrapper.cfbundle; includeInIndex = 0; path = "come-on-chu-chuUITests.xctest"; sourceTree = BUILT_PRODUCTS_DIR; };
		DA2974C31F68DEDE005F6B41 /* come_on_chu_chuUITests.swift */ = {isa = PBXFileReference; lastKnownFileType = sourcecode.swift; path = come_on_chu_chuUITests.swift; sourceTree = "<group>"; };
		DA2974C51F68DEDE005F6B41 /* Info.plist */ = {isa = PBXFileReference; lastKnownFileType = text.plist.xml; path = Info.plist; sourceTree = "<group>"; };
		DA2974D51F68DF74005F6B41 /* Player.swift */ = {isa = PBXFileReference; fileEncoding = 4; lastKnownFileType = sourcecode.swift; path = Player.swift; sourceTree = "<group>"; };
		DA2974D71F68DF91005F6B41 /* GameplayScene.swift */ = {isa = PBXFileReference; fileEncoding = 4; lastKnownFileType = sourcecode.swift; path = GameplayScene.swift; sourceTree = "<group>"; };
		DA2974D91F68DFA6005F6B41 /* MainMenuScene.swift */ = {isa = PBXFileReference; fileEncoding = 4; lastKnownFileType = sourcecode.swift; path = MainMenuScene.swift; sourceTree = "<group>"; };
		DA2974DB1F68DFB3005F6B41 /* MainMenuScene.sks */ = {isa = PBXFileReference; lastKnownFileType = file.sks; path = MainMenuScene.sks; sourceTree = "<group>"; };
		DA29768C1F68E366005F6B41 /* Egypt1.sks */ = {isa = PBXFileReference; lastKnownFileType = file.sks; path = Egypt1.sks; sourceTree = "<group>"; };
		DACF74691F75F6D300915446 /* CollectionScene.sks */ = {isa = PBXFileReference; lastKnownFileType = file.sks; path = CollectionScene.sks; sourceTree = "<group>"; };
		DACF74861F75F98300915446 /* daytime-default.png */ = {isa = PBXFileReference; lastKnownFileType = image.png; path = "daytime-default.png"; sourceTree = "<group>"; };
		DACF74871F75F98300915446 /* daytime-holycrapSelected.png */ = {isa = PBXFileReference; lastKnownFileType = image.png; path = "daytime-holycrapSelected.png"; sourceTree = "<group>"; };
		DACF74881F75F98300915446 /* daytime-mycatSelected.png */ = {isa = PBXFileReference; lastKnownFileType = image.png; path = "daytime-mycatSelected.png"; sourceTree = "<group>"; };
		DACF74891F75F98300915446 /* daytime-normalSelected.png */ = {isa = PBXFileReference; lastKnownFileType = image.png; path = "daytime-normalSelected.png"; sourceTree = "<group>"; };
		DACF748A1F75F98300915446 /* daytime-rareSelected.png */ = {isa = PBXFileReference; lastKnownFileType = image.png; path = "daytime-rareSelected.png"; sourceTree = "<group>"; };
		DACF74901F75F98300915446 /* nighttime-default.png */ = {isa = PBXFileReference; lastKnownFileType = image.png; path = "nighttime-default.png"; sourceTree = "<group>"; };
		DACF74911F75F98300915446 /* nighttime-holycrapSelected.png */ = {isa = PBXFileReference; lastKnownFileType = image.png; path = "nighttime-holycrapSelected.png"; sourceTree = "<group>"; };
		DACF74921F75F98300915446 /* nighttime-mycatSelected.png */ = {isa = PBXFileReference; lastKnownFileType = image.png; path = "nighttime-mycatSelected.png"; sourceTree = "<group>"; };
		DACF74931F75F98300915446 /* nighttime-normalSelected.png */ = {isa = PBXFileReference; lastKnownFileType = image.png; path = "nighttime-normalSelected.png"; sourceTree = "<group>"; };
		DACF74941F75F98300915446 /* nighttime-rareSelected.png */ = {isa = PBXFileReference; lastKnownFileType = image.png; path = "nighttime-rareSelected.png"; sourceTree = "<group>"; };
		DACF74A61F75F9AC00915446 /* CollectionScene.swift */ = {isa = PBXFileReference; fileEncoding = 4; lastKnownFileType = sourcecode.swift; path = CollectionScene.swift; sourceTree = "<group>"; };
		DACF74A81F75FC9700915446 /* daytime-superrareSelected.png */ = {isa = PBXFileReference; lastKnownFileType = image.png; path = "daytime-superrareSelected.png"; sourceTree = "<group>"; };
		DACF74AA1F76000F00915446 /* switch on.png */ = {isa = PBXFileReference; lastKnownFileType = image.png; path = "switch on.png"; sourceTree = "<group>"; };
		DACF74AC1F76001600915446 /* switch off.png */ = {isa = PBXFileReference; lastKnownFileType = image.png; path = "switch off.png"; sourceTree = "<group>"; };
		DACF74B21F76020600915446 /* nighttime-superrareSelected.png */ = {isa = PBXFileReference; lastKnownFileType = image.png; path = "nighttime-superrareSelected.png"; sourceTree = "<group>"; };
		DACF74B41F76037300915446 /* backToMenu.png */ = {isa = PBXFileReference; lastKnownFileType = image.png; name = backToMenu.png; path = "Assets/Collection Scene/backToMenu.png"; sourceTree = "<group>"; };
		DAD6571C1F6A2DD9007F99ED /* Obstacles.swift */ = {isa = PBXFileReference; fileEncoding = 4; lastKnownFileType = sourcecode.swift; path = Obstacles.swift; sourceTree = "<group>"; };
		DAD6571E1F6A2DFF007F99ED /* Collectables.swift */ = {isa = PBXFileReference; fileEncoding = 4; lastKnownFileType = sourcecode.swift; path = Collectables.swift; sourceTree = "<group>"; };
		DAD657201F6A2E66007F99ED /* Constants.swift */ = {isa = PBXFileReference; fileEncoding = 4; lastKnownFileType = sourcecode.swift; name = Constants.swift; path = "come-on-chu-chu/Constants.swift"; sourceTree = "<group>"; };
		DAD657221F6A3EAA007F99ED /* testcat.png */ = {isa = PBXFileReference; lastKnownFileType = image.png; name = testcat.png; path = Assets/testcat.png; sourceTree = "<group>"; };
		DAD657231F6A3EAA007F99ED /* testcat2.png */ = {isa = PBXFileReference; lastKnownFileType = image.png; name = testcat2.png; path = Assets/testcat2.png; sourceTree = "<group>"; };
		DAD657241F6A3EAA007F99ED /* testcat3.png */ = {isa = PBXFileReference; lastKnownFileType = image.png; name = testcat3.png; path = Assets/testcat3.png; sourceTree = "<group>"; };
		DAD657251F6A3EAA007F99ED /* testcat4.png */ = {isa = PBXFileReference; lastKnownFileType = image.png; name = testcat4.png; path = Assets/testcat4.png; sourceTree = "<group>"; };
		DAD6572A1F6A3F3C007F99ED /* Cat.swift */ = {isa = PBXFileReference; fileEncoding = 4; lastKnownFileType = sourcecode.swift; path = Cat.swift; sourceTree = "<group>"; };
		DADC52811F7510550033BB28 /* check sign.png */ = {isa = PBXFileReference; lastKnownFileType = image.png; path = "check sign.png"; sourceTree = "<group>"; };
		DADC52821F7510550033BB28 /* default setting screen.png */ = {isa = PBXFileReference; lastKnownFileType = image.png; path = "default setting screen.png"; sourceTree = "<group>"; };
		DADC52831F7510550033BB28 /* facebookBtn.png */ = {isa = PBXFileReference; lastKnownFileType = image.png; path = facebookBtn.png; sourceTree = "<group>"; };
		DADC52841F7510550033BB28 /* instruction.png */ = {isa = PBXFileReference; lastKnownFileType = image.png; path = instruction.png; sourceTree = "<group>"; };
		DADC52851F7510550033BB28 /* selectionBox.png */ = {isa = PBXFileReference; lastKnownFileType = image.png; path = selectionBox.png; sourceTree = "<group>"; };
		DADC52861F7510550033BB28 /* Setting Screen.png */ = {isa = PBXFileReference; lastKnownFileType = image.png; path = "Setting Screen.png"; sourceTree = "<group>"; };
		DADC528D1F7510C10033BB28 /* booster.png */ = {isa = PBXFileReference; lastKnownFileType = image.png; name = booster.png; path = "Assets/Gameplay Interface/booster.png"; sourceTree = "<group>"; };
		DADC528E1F7510C10033BB28 /* healthBar.png */ = {isa = PBXFileReference; lastKnownFileType = image.png; name = healthBar.png; path = "Assets/Gameplay Interface/healthBar.png"; sourceTree = "<group>"; };
		DADC528F1F7510C10033BB28 /* interface.png */ = {isa = PBXFileReference; lastKnownFileType = image.png; name = interface.png; path = "Assets/Gameplay Interface/interface.png"; sourceTree = "<group>"; };
		DADC52901F7510C10033BB28 /* itemPanel.png */ = {isa = PBXFileReference; lastKnownFileType = image.png; name = itemPanel.png; path = "Assets/Gameplay Interface/itemPanel.png"; sourceTree = "<group>"; };
		DADC52911F7510C10033BB28 /* pause.png */ = {isa = PBXFileReference; lastKnownFileType = image.png; name = pause.png; path = "Assets/Gameplay Interface/pause.png"; sourceTree = "<group>"; };
		DADC52971F7510DA0033BB28 /* jukebox.png */ = {isa = PBXFileReference; lastKnownFileType = image.png; name = jukebox.png; path = "Assets/Main Menu/jukebox.png"; sourceTree = "<group>"; };
		DADC52981F7510DA0033BB28 /* main screen.png */ = {isa = PBXFileReference; lastKnownFileType = image.png; name = "main screen.png"; path = "Assets/Main Menu/main screen.png"; sourceTree = "<group>"; };
		DADC52991F7510DA0033BB28 /* mainBackground.png */ = {isa = PBXFileReference; lastKnownFileType = image.png; name = mainBackground.png; path = "Assets/Main Menu/mainBackground.png"; sourceTree = "<group>"; };
		DADC529A1F7510DA0033BB28 /* mainBoard.png */ = {isa = PBXFileReference; lastKnownFileType = image.png; name = mainBoard.png; path = "Assets/Main Menu/mainBoard.png"; sourceTree = "<group>"; };
		DADC529B1F7510DA0033BB28 /* mainCollectionBook.png */ = {isa = PBXFileReference; lastKnownFileType = image.png; name = mainCollectionBook.png; path = "Assets/Main Menu/mainCollectionBook.png"; sourceTree = "<group>"; };
		DADC529C1F7510DA0033BB28 /* mainToHome.png */ = {isa = PBXFileReference; lastKnownFileType = image.png; name = mainToHome.png; path = "Assets/Main Menu/mainToHome.png"; sourceTree = "<group>"; };
		DADC52A41F75111F0033BB28 /* mainCollectableBar.png */ = {isa = PBXFileReference; lastKnownFileType = image.png; path = mainCollectableBar.png; sourceTree = "<group>"; };
		DADC52A51F75111F0033BB28 /* mainDailyBonus.png */ = {isa = PBXFileReference; lastKnownFileType = image.png; path = mainDailyBonus.png; sourceTree = "<group>"; };
		DADC52A61F75111F0033BB28 /* mainItemBar.png */ = {isa = PBXFileReference; lastKnownFileType = image.png; path = mainItemBar.png; sourceTree = "<group>"; };
		DADC52A71F75111F0033BB28 /* mainPresent.png */ = {isa = PBXFileReference; lastKnownFileType = image.png; path = mainPresent.png; sourceTree = "<group>"; };
		DADC52A81F75111F0033BB28 /* mainSetting.png */ = {isa = PBXFileReference; lastKnownFileType = image.png; path = mainSetting.png; sourceTree = "<group>"; };
/* End PBXFileReference section */

/* Begin PBXFrameworksBuildPhase section */
		DA2974971F68DEDE005F6B41 /* Frameworks */ = {
			isa = PBXFrameworksBuildPhase;
			buildActionMask = 2147483647;
			files = (
			);
			runOnlyForDeploymentPostprocessing = 0;
		};
		DA2974B11F68DEDE005F6B41 /* Frameworks */ = {
			isa = PBXFrameworksBuildPhase;
			buildActionMask = 2147483647;
			files = (
			);
			runOnlyForDeploymentPostprocessing = 0;
		};
		DA2974BC1F68DEDE005F6B41 /* Frameworks */ = {
			isa = PBXFrameworksBuildPhase;
			buildActionMask = 2147483647;
			files = (
			);
			runOnlyForDeploymentPostprocessing = 0;
		};
/* End PBXFrameworksBuildPhase section */

/* Begin PBXGroup section */
		DA0432CF1F6B1325002EF8F6 /* Gameplay Controller */ = {
			isa = PBXGroup;
			children = (
				DA0432D01F6B1338002EF8F6 /* GameplayController.swift */,
				DA0432D81F6B3A5C002EF8F6 /* GameData.swift */,
				DA0432DA1F6B3AD7002EF8F6 /* GameManager.swift */,
			);
			name = "Gameplay Controller";
			sourceTree = "<group>";
		};
		DA2220E71F68EFD80009AB60 /* Game Screen Background */ = {
			isa = PBXGroup;
			children = (
				DA2599671F73957E00BB9573 /* TestGerman */,
				DA2220E81F68EFDC0009AB60 /* Egypt */,
			);
			name = "Game Screen Background";
			sourceTree = "<group>";
		};
		DA2220E81F68EFDC0009AB60 /* Egypt */ = {
			isa = PBXGroup;
			children = (
				DA2220E91F68F16A0009AB60 /* Egypt 01-1.png */,
				DA2220EA1F68F16A0009AB60 /* Egypt 01-2.png */,
				DA2220EB1F68F16A0009AB60 /* Egypt 01-3.png */,
				DA2220EC1F68F16A0009AB60 /* Egypt 01-4.png */,
				DA2220ED1F68F16A0009AB60 /* Egypt 01-5.png */,
				DA2220EE1F68F16A0009AB60 /* Egypt 01-6.png */,
			);
			name = Egypt;
			sourceTree = "<group>";
		};
		DA2220F51F68F3170009AB60 /* Cats */ = {
			isa = PBXGroup;
			children = (
				DAD657221F6A3EAA007F99ED /* testcat.png */,
				DAD657231F6A3EAA007F99ED /* testcat2.png */,
				DAD657241F6A3EAA007F99ED /* testcat3.png */,
				DAD657251F6A3EAA007F99ED /* testcat4.png */,
			);
			name = Cats;
			sourceTree = "<group>";
		};
		DA25994B1F70CC2900BB9573 /* Main Screen */ = {
			isa = PBXGroup;
			children = (
				DADC52801F7510550033BB28 /* setting */,
				DADC52971F7510DA0033BB28 /* jukebox.png */,
				DADC52981F7510DA0033BB28 /* main screen.png */,
				DADC52991F7510DA0033BB28 /* mainBackground.png */,
				DADC529A1F7510DA0033BB28 /* mainBoard.png */,
				DADC529B1F7510DA0033BB28 /* mainCollectionBook.png */,
				DADC529C1F7510DA0033BB28 /* mainToHome.png */,
				DADC52A31F75111F0033BB28 /* interface */,
			);
			name = "Main Screen";
			sourceTree = "<group>";
		};
		DA2599671F73957E00BB9573 /* TestGerman */ = {
			isa = PBXGroup;
			children = (
				DA25997C1F7397C600BB9573 /* german1-0.png */,
				DA25997D1F7397C600BB9573 /* german1-1.png */,
				DA25997E1F7397C600BB9573 /* german1-2.png */,
				DA25997F1F7397C600BB9573 /* german1-3.png */,
				DA2599801F7397C600BB9573 /* german1-4.png */,
				DA2599811F7397C600BB9573 /* german1-5.png */,
				DA2599821F7397C600BB9573 /* german1-6.png */,
				DA2599831F7397C600BB9573 /* german1-7.png */,
				DA2599841F7397C600BB9573 /* german1-8.png */,
				DA2599851F7397C600BB9573 /* german1-9.png */,
			);
			name = TestGerman;
			sourceTree = "<group>";
		};
		DA2974911F68DEDE005F6B41 = {
			isa = PBXGroup;
			children = (
				DA29749C1F68DEDE005F6B41 /* come-on-chu-chu */,
				DA2974D11F68DF53005F6B41 /* Game Classes */,
				DA2974D21F68DF59005F6B41 /* Scenes */,
				DAD657201F6A2E66007F99ED /* Constants.swift */,
				DA2974DD1F68E2E8005F6B41 /* Assets */,
				DA2974B71F68DEDE005F6B41 /* come-on-chu-chuTests */,
				DA2974C21F68DEDE005F6B41 /* come-on-chu-chuUITests */,
				DA29749B1F68DEDE005F6B41 /* Products */,
			);
			sourceTree = "<group>";
		};
		DA29749B1F68DEDE005F6B41 /* Products */ = {
			isa = PBXGroup;
			children = (
				DA29749A1F68DEDE005F6B41 /* come-on-chu-chu.app */,
				DA2974B41F68DEDE005F6B41 /* come-on-chu-chuTests.xctest */,
				DA2974BF1F68DEDE005F6B41 /* come-on-chu-chuUITests.xctest */,
			);
			name = Products;
			sourceTree = "<group>";
		};
		DA29749C1F68DEDE005F6B41 /* come-on-chu-chu */ = {
			isa = PBXGroup;
			children = (
				DA29749D1F68DEDE005F6B41 /* AppDelegate.swift */,
				DA29749F1F68DEDE005F6B41 /* GameScene.sks */,
				DA2974A11F68DEDE005F6B41 /* Actions.sks */,
				DA2974A31F68DEDE005F6B41 /* GameScene.swift */,
				DA2974A51F68DEDE005F6B41 /* GameViewController.swift */,
				DA2974A71F68DEDE005F6B41 /* Main.storyboard */,
				DA2974AA1F68DEDE005F6B41 /* Assets.xcassets */,
				DA2974AC1F68DEDE005F6B41 /* LaunchScreen.storyboard */,
				DA2974AF1F68DEDE005F6B41 /* Info.plist */,
			);
			path = "come-on-chu-chu";
			sourceTree = "<group>";
		};
		DA2974B71F68DEDE005F6B41 /* come-on-chu-chuTests */ = {
			isa = PBXGroup;
			children = (
				DA2974B81F68DEDE005F6B41 /* come_on_chu_chuTests.swift */,
				DA2974BA1F68DEDE005F6B41 /* Info.plist */,
			);
			path = "come-on-chu-chuTests";
			sourceTree = "<group>";
		};
		DA2974C21F68DEDE005F6B41 /* come-on-chu-chuUITests */ = {
			isa = PBXGroup;
			children = (
				DA2974C31F68DEDE005F6B41 /* come_on_chu_chuUITests.swift */,
				DA2974C51F68DEDE005F6B41 /* Info.plist */,
			);
			path = "come-on-chu-chuUITests";
			sourceTree = "<group>";
		};
		DA2974D11F68DF53005F6B41 /* Game Classes */ = {
			isa = PBXGroup;
			children = (
				DA0432CF1F6B1325002EF8F6 /* Gameplay Controller */,
				DAD6571B1F6A2DAE007F99ED /* Obstacle Classes */,
				DA2974D41F68DF65005F6B41 /* Player Classes */,
				DA2974D31F68DF5E005F6B41 /* Scene Classes */,
			);
			name = "Game Classes";
			sourceTree = "<group>";
		};
		DA2974D21F68DF59005F6B41 /* Scenes */ = {
			isa = PBXGroup;
			children = (
				DA2974DB1F68DFB3005F6B41 /* MainMenuScene.sks */,
				DACF74691F75F6D300915446 /* CollectionScene.sks */,
				DA29768C1F68E366005F6B41 /* Egypt1.sks */,
				DA2599631F73941400BB9573 /* testScene.sks */,
				DA2599A01F74DD6A00BB9573 /* settingtest.sks */,
			);
			name = Scenes;
			sourceTree = "<group>";
		};
		DA2974D31F68DF5E005F6B41 /* Scene Classes */ = {
			isa = PBXGroup;
			children = (
				DA2974D71F68DF91005F6B41 /* GameplayScene.swift */,
				DA2974D91F68DFA6005F6B41 /* MainMenuScene.swift */,
				DACF74A61F75F9AC00915446 /* CollectionScene.swift */,
			);
			name = "Scene Classes";
			sourceTree = "<group>";
		};
		DA2974D41F68DF65005F6B41 /* Player Classes */ = {
			isa = PBXGroup;
			children = (
				DA2974D51F68DF74005F6B41 /* Player.swift */,
				DAD6572A1F6A3F3C007F99ED /* Cat.swift */,
			);
			name = "Player Classes";
			sourceTree = "<group>";
		};
		DA2974DD1F68E2E8005F6B41 /* Assets */ = {
			isa = PBXGroup;
			children = (
				DACF746B1F75F77E00915446 /* Collection Screen */,
				DA25994B1F70CC2900BB9573 /* Main Screen */,
				DA2220F51F68F3170009AB60 /* Cats */,
				DA2220E71F68EFD80009AB60 /* Game Screen Background */,
				DAD6572C1F6AE454007F99ED /* Game Screen Interface */,
			);
			name = Assets;
			sourceTree = "<group>";
		};
		DACF746B1F75F77E00915446 /* Collection Screen */ = {
			isa = PBXGroup;
			children = (
				DACF74B41F76037300915446 /* backToMenu.png */,
				DACF74841F75F98300915446 /* Switch OFF */,
				DACF748E1F75F98300915446 /* Switch ON */,
			);
			name = "Collection Screen";
			sourceTree = "<group>";
		};
		DACF74841F75F98300915446 /* Switch OFF */ = {
			isa = PBXGroup;
			children = (
				DACF74851F75F98300915446 /* background */,
				DACF748C1F75F98300915446 /* UI */,
			);
			name = "Switch OFF";
			path = "Assets/Collection Scene/Switch OFF";
			sourceTree = "<group>";
		};
		DACF74851F75F98300915446 /* background */ = {
			isa = PBXGroup;
			children = (
				DACF74861F75F98300915446 /* daytime-default.png */,
				DACF74871F75F98300915446 /* daytime-holycrapSelected.png */,
				DACF74881F75F98300915446 /* daytime-mycatSelected.png */,
				DACF74891F75F98300915446 /* daytime-normalSelected.png */,
				DACF748A1F75F98300915446 /* daytime-rareSelected.png */,
				DACF74A81F75FC9700915446 /* daytime-superrareSelected.png */,
			);
			path = background;
			sourceTree = "<group>";
		};
		DACF748C1F75F98300915446 /* UI */ = {
			isa = PBXGroup;
			children = (
				DACF74AC1F76001600915446 /* switch off.png */,
			);
			path = UI;
			sourceTree = "<group>";
		};
		DACF748E1F75F98300915446 /* Switch ON */ = {
			isa = PBXGroup;
			children = (
				DACF748F1F75F98300915446 /* background */,
				DACF74961F75F98300915446 /* UI */,
			);
			name = "Switch ON";
			path = "Assets/Collection Scene/Switch ON";
			sourceTree = "<group>";
		};
		DACF748F1F75F98300915446 /* background */ = {
			isa = PBXGroup;
			children = (
				DACF74901F75F98300915446 /* nighttime-default.png */,
				DACF74911F75F98300915446 /* nighttime-holycrapSelected.png */,
				DACF74921F75F98300915446 /* nighttime-mycatSelected.png */,
				DACF74931F75F98300915446 /* nighttime-normalSelected.png */,
				DACF74941F75F98300915446 /* nighttime-rareSelected.png */,
				DACF74B21F76020600915446 /* nighttime-superrareSelected.png */,
			);
			path = background;
			sourceTree = "<group>";
		};
		DACF74961F75F98300915446 /* UI */ = {
			isa = PBXGroup;
			children = (
				DACF74AA1F76000F00915446 /* switch on.png */,
			);
			path = UI;
			sourceTree = "<group>";
		};
		DAD6571B1F6A2DAE007F99ED /* Obstacle Classes */ = {
			isa = PBXGroup;
			children = (
				DAD6571C1F6A2DD9007F99ED /* Obstacles.swift */,
				DAD6571E1F6A2DFF007F99ED /* Collectables.swift */,
			);
			name = "Obstacle Classes";
			sourceTree = "<group>";
		};
		DAD6572C1F6AE454007F99ED /* Game Screen Interface */ = {
			isa = PBXGroup;
			children = (
				DA0432CB1F6AF386002EF8F6 /* coin.png */,
				DA0432CC1F6AF386002EF8F6 /* collectable.png */,
				DADC528D1F7510C10033BB28 /* booster.png */,
				DADC528E1F7510C10033BB28 /* healthBar.png */,
				DADC528F1F7510C10033BB28 /* interface.png */,
				DADC52901F7510C10033BB28 /* itemPanel.png */,
				DADC52911F7510C10033BB28 /* pause.png */,
			);
			name = "Game Screen Interface";
			sourceTree = "<group>";
		};
		DADC52801F7510550033BB28 /* setting */ = {
			isa = PBXGroup;
			children = (
				DADC52811F7510550033BB28 /* check sign.png */,
				DADC52821F7510550033BB28 /* default setting screen.png */,
				DADC52831F7510550033BB28 /* facebookBtn.png */,
				DADC52841F7510550033BB28 /* instruction.png */,
				DADC52851F7510550033BB28 /* selectionBox.png */,
				DADC52861F7510550033BB28 /* Setting Screen.png */,
			);
			name = setting;
			path = Assets/setting;
			sourceTree = "<group>";
		};
		DADC52A31F75111F0033BB28 /* interface */ = {
			isa = PBXGroup;
			children = (
				DADC52A41F75111F0033BB28 /* mainCollectableBar.png */,
				DADC52A51F75111F0033BB28 /* mainDailyBonus.png */,
				DADC52A61F75111F0033BB28 /* mainItemBar.png */,
				DADC52A71F75111F0033BB28 /* mainPresent.png */,
				DADC52A81F75111F0033BB28 /* mainSetting.png */,
			);
			name = interface;
			path = "Assets/Main Menu/interface";
			sourceTree = "<group>";
		};
/* End PBXGroup section */

/* Begin PBXNativeTarget section */
		DA2974991F68DEDE005F6B41 /* come-on-chu-chu */ = {
			isa = PBXNativeTarget;
			buildConfigurationList = DA2974C81F68DEDE005F6B41 /* Build configuration list for PBXNativeTarget "come-on-chu-chu" */;
			buildPhases = (
				DA2974961F68DEDE005F6B41 /* Sources */,
				DA2974971F68DEDE005F6B41 /* Frameworks */,
				DA2974981F68DEDE005F6B41 /* Resources */,
			);
			buildRules = (
			);
			dependencies = (
			);
			name = "come-on-chu-chu";
			productName = "come-on-chu-chu";
			productReference = DA29749A1F68DEDE005F6B41 /* come-on-chu-chu.app */;
			productType = "com.apple.product-type.application";
		};
		DA2974B31F68DEDE005F6B41 /* come-on-chu-chuTests */ = {
			isa = PBXNativeTarget;
			buildConfigurationList = DA2974CB1F68DEDE005F6B41 /* Build configuration list for PBXNativeTarget "come-on-chu-chuTests" */;
			buildPhases = (
				DA2974B01F68DEDE005F6B41 /* Sources */,
				DA2974B11F68DEDE005F6B41 /* Frameworks */,
				DA2974B21F68DEDE005F6B41 /* Resources */,
			);
			buildRules = (
			);
			dependencies = (
				DA2974B61F68DEDE005F6B41 /* PBXTargetDependency */,
			);
			name = "come-on-chu-chuTests";
			productName = "come-on-chu-chuTests";
			productReference = DA2974B41F68DEDE005F6B41 /* come-on-chu-chuTests.xctest */;
			productType = "com.apple.product-type.bundle.unit-test";
		};
		DA2974BE1F68DEDE005F6B41 /* come-on-chu-chuUITests */ = {
			isa = PBXNativeTarget;
			buildConfigurationList = DA2974CE1F68DEDE005F6B41 /* Build configuration list for PBXNativeTarget "come-on-chu-chuUITests" */;
			buildPhases = (
				DA2974BB1F68DEDE005F6B41 /* Sources */,
				DA2974BC1F68DEDE005F6B41 /* Frameworks */,
				DA2974BD1F68DEDE005F6B41 /* Resources */,
			);
			buildRules = (
			);
			dependencies = (
				DA2974C11F68DEDE005F6B41 /* PBXTargetDependency */,
			);
			name = "come-on-chu-chuUITests";
			productName = "come-on-chu-chuUITests";
			productReference = DA2974BF1F68DEDE005F6B41 /* come-on-chu-chuUITests.xctest */;
			productType = "com.apple.product-type.bundle.ui-testing";
		};
/* End PBXNativeTarget section */

/* Begin PBXProject section */
		DA2974921F68DEDE005F6B41 /* Project object */ = {
			isa = PBXProject;
			attributes = {
				LastSwiftUpdateCheck = 0830;
				LastUpgradeCheck = 0830;
				ORGANIZATIONNAME = "Minooc Choo";
				TargetAttributes = {
					DA2974991F68DEDE005F6B41 = {
						CreatedOnToolsVersion = 8.3.3;
						DevelopmentTeam = Q9XGDB6V8X;
						ProvisioningStyle = Automatic;
					};
					DA2974B31F68DEDE005F6B41 = {
						CreatedOnToolsVersion = 8.3.3;
						DevelopmentTeam = Q9XGDB6V8X;
						ProvisioningStyle = Automatic;
						TestTargetID = DA2974991F68DEDE005F6B41;
					};
					DA2974BE1F68DEDE005F6B41 = {
						CreatedOnToolsVersion = 8.3.3;
						DevelopmentTeam = Q9XGDB6V8X;
						ProvisioningStyle = Automatic;
						TestTargetID = DA2974991F68DEDE005F6B41;
					};
				};
			};
			buildConfigurationList = DA2974951F68DEDE005F6B41 /* Build configuration list for PBXProject "come-on-chu-chu" */;
			compatibilityVersion = "Xcode 3.2";
			developmentRegion = English;
			hasScannedForEncodings = 0;
			knownRegions = (
				en,
				Base,
			);
			mainGroup = DA2974911F68DEDE005F6B41;
			productRefGroup = DA29749B1F68DEDE005F6B41 /* Products */;
			projectDirPath = "";
			projectRoot = "";
			targets = (
				DA2974991F68DEDE005F6B41 /* come-on-chu-chu */,
				DA2974B31F68DEDE005F6B41 /* come-on-chu-chuTests */,
				DA2974BE1F68DEDE005F6B41 /* come-on-chu-chuUITests */,
			);
		};
/* End PBXProject section */

/* Begin PBXResourcesBuildPhase section */
		DA2974981F68DEDE005F6B41 /* Resources */ = {
			isa = PBXResourcesBuildPhase;
			buildActionMask = 2147483647;
			files = (
				DA25998D1F7397C600BB9573 /* german1-7.png in Resources */,
				DA25998C1F7397C600BB9573 /* german1-6.png in Resources */,
				DADC529D1F7510DA0033BB28 /* jukebox.png in Resources */,
				DA2220F41F68F16A0009AB60 /* Egypt 01-6.png in Resources */,
				DADC52AC1F75111F0033BB28 /* mainPresent.png in Resources */,
				DA2220F21F68F16A0009AB60 /* Egypt 01-4.png in Resources */,
				DA2220EF1F68F16A0009AB60 /* Egypt 01-1.png in Resources */,
				DA2974A91F68DEDE005F6B41 /* Main.storyboard in Resources */,
				DADC52AB1F75111F0033BB28 /* mainItemBar.png in Resources */,
				DA2599881F7397C600BB9573 /* german1-2.png in Resources */,
				DACF74A11F75F98300915446 /* nighttime-mycatSelected.png in Resources */,
				DACF74A01F75F98300915446 /* nighttime-holycrapSelected.png in Resources */,
				DADC52941F7510C10033BB28 /* interface.png in Resources */,
				DA2599871F7397C600BB9573 /* german1-1.png in Resources */,
				DACF74991F75F98300915446 /* daytime-holycrapSelected.png in Resources */,
				DACF749B1F75F98300915446 /* daytime-normalSelected.png in Resources */,
				DADC528B1F7510550033BB28 /* selectionBox.png in Resources */,
				DADC52A01F7510DA0033BB28 /* mainBoard.png in Resources */,
				DADC52A91F75111F0033BB28 /* mainCollectableBar.png in Resources */,
				DAD657291F6A3EAA007F99ED /* testcat4.png in Resources */,
				DADC52921F7510C10033BB28 /* booster.png in Resources */,
				DA2974A01F68DEDE005F6B41 /* GameScene.sks in Resources */,
				DADC52931F7510C10033BB28 /* healthBar.png in Resources */,
				DACF74A91F75FC9700915446 /* daytime-superrareSelected.png in Resources */,
				DADC52951F7510C10033BB28 /* itemPanel.png in Resources */,
				DACF749A1F75F98300915446 /* daytime-mycatSelected.png in Resources */,
				DADC52871F7510550033BB28 /* check sign.png in Resources */,
				DADC52A11F7510DA0033BB28 /* mainCollectionBook.png in Resources */,
				DA25998B1F7397C600BB9573 /* german1-5.png in Resources */,
				DA2599861F7397C600BB9573 /* german1-0.png in Resources */,
				DACF74B51F76037300915446 /* backToMenu.png in Resources */,
				DACF749C1F75F98300915446 /* daytime-rareSelected.png in Resources */,
				DACF74AB1F76000F00915446 /* switch on.png in Resources */,
				DA2974AB1F68DEDE005F6B41 /* Assets.xcassets in Resources */,
				DA2974AE1F68DEDE005F6B41 /* LaunchScreen.storyboard in Resources */,
				DACF74A31F75F98300915446 /* nighttime-rareSelected.png in Resources */,
				DADC52891F7510550033BB28 /* facebookBtn.png in Resources */,
				DA0432CE1F6AF386002EF8F6 /* collectable.png in Resources */,
				DA25998E1F7397C600BB9573 /* german1-8.png in Resources */,
				DACF749F1F75F98300915446 /* nighttime-default.png in Resources */,
				DADC528A1F7510550033BB28 /* instruction.png in Resources */,
				DA2220F01F68F16A0009AB60 /* Egypt 01-2.png in Resources */,
				DA29768D1F68E366005F6B41 /* Egypt1.sks in Resources */,
				DADC52AA1F75111F0033BB28 /* mainDailyBonus.png in Resources */,
				DA2220F11F68F16A0009AB60 /* Egypt 01-3.png in Resources */,
				DACF74A21F75F98300915446 /* nighttime-normalSelected.png in Resources */,
				DAD657281F6A3EAA007F99ED /* testcat3.png in Resources */,
				DACF74AD1F76001600915446 /* switch off.png in Resources */,
				DADC52AD1F75111F0033BB28 /* mainSetting.png in Resources */,
				DAD657261F6A3EAA007F99ED /* testcat.png in Resources */,
				DA2599891F7397C600BB9573 /* german1-3.png in Resources */,
				DAD657271F6A3EAA007F99ED /* testcat2.png in Resources */,
				DADC52A21F7510DA0033BB28 /* mainToHome.png in Resources */,
				DA2599641F73941400BB9573 /* testScene.sks in Resources */,
				DA2599A11F74DD6A00BB9573 /* settingtest.sks in Resources */,
				DADC52881F7510550033BB28 /* default setting screen.png in Resources */,
				DA2220F31F68F16A0009AB60 /* Egypt 01-5.png in Resources */,
				DACF746A1F75F6D300915446 /* CollectionScene.sks in Resources */,
				DADC52961F7510C10033BB28 /* pause.png in Resources */,
				DACF74B31F76020600915446 /* nighttime-superrareSelected.png in Resources */,
				DA25998F1F7397C600BB9573 /* german1-9.png in Resources */,
				DACF74981F75F98300915446 /* daytime-default.png in Resources */,
				DA2974DC1F68DFB3005F6B41 /* MainMenuScene.sks in Resources */,
				DA25998A1F7397C600BB9573 /* german1-4.png in Resources */,
				DA2974A21F68DEDE005F6B41 /* Actions.sks in Resources */,
				DADC529F1F7510DA0033BB28 /* mainBackground.png in Resources */,
				DA0432CD1F6AF386002EF8F6 /* coin.png in Resources */,
				DADC528C1F7510550033BB28 /* Setting Screen.png in Resources */,
				DADC529E1F7510DA0033BB28 /* main screen.png in Resources */,
			);
			runOnlyForDeploymentPostprocessing = 0;
		};
		DA2974B21F68DEDE005F6B41 /* Resources */ = {
			isa = PBXResourcesBuildPhase;
			buildActionMask = 2147483647;
			files = (
			);
			runOnlyForDeploymentPostprocessing = 0;
		};
		DA2974BD1F68DEDE005F6B41 /* Resources */ = {
			isa = PBXResourcesBuildPhase;
			buildActionMask = 2147483647;
			files = (
			);
			runOnlyForDeploymentPostprocessing = 0;
		};
/* End PBXResourcesBuildPhase section */

/* Begin PBXSourcesBuildPhase section */
		DA2974961F68DEDE005F6B41 /* Sources */ = {
			isa = PBXSourcesBuildPhase;
			buildActionMask = 2147483647;
			files = (
				DA2974DA1F68DFA6005F6B41 /* MainMenuScene.swift in Sources */,
				DAD6571D1F6A2DD9007F99ED /* Obstacles.swift in Sources */,
				DA0432DB1F6B3AD7002EF8F6 /* GameManager.swift in Sources */,
				DAD6572B1F6A3F3C007F99ED /* Cat.swift in Sources */,
				DA0432D91F6B3A5C002EF8F6 /* GameData.swift in Sources */,
				DA2974D61F68DF74005F6B41 /* Player.swift in Sources */,
				DACF74A71F75F9AC00915446 /* CollectionScene.swift in Sources */,
				DA2974D81F68DF91005F6B41 /* GameplayScene.swift in Sources */,
				DAD657211F6A2E66007F99ED /* Constants.swift in Sources */,
				DA0432D11F6B1338002EF8F6 /* GameplayController.swift in Sources */,
				DA2974A41F68DEDE005F6B41 /* GameScene.swift in Sources */,
				DAD6571F1F6A2DFF007F99ED /* Collectables.swift in Sources */,
				DA2974A61F68DEDE005F6B41 /* GameViewController.swift in Sources */,
				DA29749E1F68DEDE005F6B41 /* AppDelegate.swift in Sources */,
			);
			runOnlyForDeploymentPostprocessing = 0;
		};
		DA2974B01F68DEDE005F6B41 /* Sources */ = {
			isa = PBXSourcesBuildPhase;
			buildActionMask = 2147483647;
			files = (
				DA2974B91F68DEDE005F6B41 /* come_on_chu_chuTests.swift in Sources */,
			);
			runOnlyForDeploymentPostprocessing = 0;
		};
		DA2974BB1F68DEDE005F6B41 /* Sources */ = {
			isa = PBXSourcesBuildPhase;
			buildActionMask = 2147483647;
			files = (
				DA2974C41F68DEDE005F6B41 /* come_on_chu_chuUITests.swift in Sources */,
			);
			runOnlyForDeploymentPostprocessing = 0;
		};
/* End PBXSourcesBuildPhase section */

/* Begin PBXTargetDependency section */
		DA2974B61F68DEDE005F6B41 /* PBXTargetDependency */ = {
			isa = PBXTargetDependency;
			target = DA2974991F68DEDE005F6B41 /* come-on-chu-chu */;
			targetProxy = DA2974B51F68DEDE005F6B41 /* PBXContainerItemProxy */;
		};
		DA2974C11F68DEDE005F6B41 /* PBXTargetDependency */ = {
			isa = PBXTargetDependency;
			target = DA2974991F68DEDE005F6B41 /* come-on-chu-chu */;
			targetProxy = DA2974C01F68DEDE005F6B41 /* PBXContainerItemProxy */;
		};
/* End PBXTargetDependency section */

/* Begin PBXVariantGroup section */
		DA2974A71F68DEDE005F6B41 /* Main.storyboard */ = {
			isa = PBXVariantGroup;
			children = (
				DA2974A81F68DEDE005F6B41 /* Base */,
			);
			name = Main.storyboard;
			sourceTree = "<group>";
		};
		DA2974AC1F68DEDE005F6B41 /* LaunchScreen.storyboard */ = {
			isa = PBXVariantGroup;
			children = (
				DA2974AD1F68DEDE005F6B41 /* Base */,
			);
			name = LaunchScreen.storyboard;
			sourceTree = "<group>";
		};
/* End PBXVariantGroup section */

/* Begin XCBuildConfiguration section */
		DA2974C61F68DEDE005F6B41 /* Debug */ = {
			isa = XCBuildConfiguration;
			buildSettings = {
				ALWAYS_SEARCH_USER_PATHS = NO;
				CLANG_ANALYZER_NONNULL = YES;
				CLANG_ANALYZER_NUMBER_OBJECT_CONVERSION = YES_AGGRESSIVE;
				CLANG_CXX_LANGUAGE_STANDARD = "gnu++0x";
				CLANG_CXX_LIBRARY = "libc++";
				CLANG_ENABLE_MODULES = YES;
				CLANG_ENABLE_OBJC_ARC = YES;
				CLANG_WARN_BOOL_CONVERSION = YES;
				CLANG_WARN_CONSTANT_CONVERSION = YES;
				CLANG_WARN_DIRECT_OBJC_ISA_USAGE = YES_ERROR;
				CLANG_WARN_DOCUMENTATION_COMMENTS = YES;
				CLANG_WARN_EMPTY_BODY = YES;
				CLANG_WARN_ENUM_CONVERSION = YES;
				CLANG_WARN_INFINITE_RECURSION = YES;
				CLANG_WARN_INT_CONVERSION = YES;
				CLANG_WARN_OBJC_ROOT_CLASS = YES_ERROR;
				CLANG_WARN_SUSPICIOUS_MOVE = YES;
				CLANG_WARN_UNREACHABLE_CODE = YES;
				CLANG_WARN__DUPLICATE_METHOD_MATCH = YES;
				"CODE_SIGN_IDENTITY[sdk=iphoneos*]" = "iPhone Developer";
				COPY_PHASE_STRIP = NO;
				DEBUG_INFORMATION_FORMAT = dwarf;
				ENABLE_STRICT_OBJC_MSGSEND = YES;
				ENABLE_TESTABILITY = YES;
				GCC_C_LANGUAGE_STANDARD = gnu99;
				GCC_DYNAMIC_NO_PIC = NO;
				GCC_NO_COMMON_BLOCKS = YES;
				GCC_OPTIMIZATION_LEVEL = 0;
				GCC_PREPROCESSOR_DEFINITIONS = (
					"DEBUG=1",
					"$(inherited)",
				);
				GCC_WARN_64_TO_32_BIT_CONVERSION = YES;
				GCC_WARN_ABOUT_RETURN_TYPE = YES_ERROR;
				GCC_WARN_UNDECLARED_SELECTOR = YES;
				GCC_WARN_UNINITIALIZED_AUTOS = YES_AGGRESSIVE;
				GCC_WARN_UNUSED_FUNCTION = YES;
				GCC_WARN_UNUSED_VARIABLE = YES;
				IPHONEOS_DEPLOYMENT_TARGET = 10.3;
				MTL_ENABLE_DEBUG_INFO = YES;
				ONLY_ACTIVE_ARCH = YES;
				SDKROOT = iphoneos;
				SWIFT_ACTIVE_COMPILATION_CONDITIONS = DEBUG;
				SWIFT_OPTIMIZATION_LEVEL = "-Onone";
			};
			name = Debug;
		};
		DA2974C71F68DEDE005F6B41 /* Release */ = {
			isa = XCBuildConfiguration;
			buildSettings = {
				ALWAYS_SEARCH_USER_PATHS = NO;
				CLANG_ANALYZER_NONNULL = YES;
				CLANG_ANALYZER_NUMBER_OBJECT_CONVERSION = YES_AGGRESSIVE;
				CLANG_CXX_LANGUAGE_STANDARD = "gnu++0x";
				CLANG_CXX_LIBRARY = "libc++";
				CLANG_ENABLE_MODULES = YES;
				CLANG_ENABLE_OBJC_ARC = YES;
				CLANG_WARN_BOOL_CONVERSION = YES;
				CLANG_WARN_CONSTANT_CONVERSION = YES;
				CLANG_WARN_DIRECT_OBJC_ISA_USAGE = YES_ERROR;
				CLANG_WARN_DOCUMENTATION_COMMENTS = YES;
				CLANG_WARN_EMPTY_BODY = YES;
				CLANG_WARN_ENUM_CONVERSION = YES;
				CLANG_WARN_INFINITE_RECURSION = YES;
				CLANG_WARN_INT_CONVERSION = YES;
				CLANG_WARN_OBJC_ROOT_CLASS = YES_ERROR;
				CLANG_WARN_SUSPICIOUS_MOVE = YES;
				CLANG_WARN_UNREACHABLE_CODE = YES;
				CLANG_WARN__DUPLICATE_METHOD_MATCH = YES;
				"CODE_SIGN_IDENTITY[sdk=iphoneos*]" = "iPhone Developer";
				COPY_PHASE_STRIP = NO;
				DEBUG_INFORMATION_FORMAT = "dwarf-with-dsym";
				ENABLE_NS_ASSERTIONS = NO;
				ENABLE_STRICT_OBJC_MSGSEND = YES;
				GCC_C_LANGUAGE_STANDARD = gnu99;
				GCC_NO_COMMON_BLOCKS = YES;
				GCC_WARN_64_TO_32_BIT_CONVERSION = YES;
				GCC_WARN_ABOUT_RETURN_TYPE = YES_ERROR;
				GCC_WARN_UNDECLARED_SELECTOR = YES;
				GCC_WARN_UNINITIALIZED_AUTOS = YES_AGGRESSIVE;
				GCC_WARN_UNUSED_FUNCTION = YES;
				GCC_WARN_UNUSED_VARIABLE = YES;
				IPHONEOS_DEPLOYMENT_TARGET = 10.3;
				MTL_ENABLE_DEBUG_INFO = NO;
				SDKROOT = iphoneos;
				SWIFT_OPTIMIZATION_LEVEL = "-Owholemodule";
				VALIDATE_PRODUCT = YES;
			};
			name = Release;
		};
		DA2974C91F68DEDE005F6B41 /* Debug */ = {
			isa = XCBuildConfiguration;
			buildSettings = {
				ASSETCATALOG_COMPILER_APPICON_NAME = AppIcon;
				DEVELOPMENT_TEAM = Q9XGDB6V8X;
				INFOPLIST_FILE = "come-on-chu-chu/Info.plist";
				LD_RUNPATH_SEARCH_PATHS = "$(inherited) @executable_path/Frameworks";
				PRODUCT_BUNDLE_IDENTIFIER = "Minooc.come-on-chu-chu";
				PRODUCT_NAME = "$(TARGET_NAME)";
				SWIFT_VERSION = 3.0;
			};
			name = Debug;
		};
		DA2974CA1F68DEDE005F6B41 /* Release */ = {
			isa = XCBuildConfiguration;
			buildSettings = {
				ASSETCATALOG_COMPILER_APPICON_NAME = AppIcon;
				DEVELOPMENT_TEAM = Q9XGDB6V8X;
				INFOPLIST_FILE = "come-on-chu-chu/Info.plist";
				LD_RUNPATH_SEARCH_PATHS = "$(inherited) @executable_path/Frameworks";
				PRODUCT_BUNDLE_IDENTIFIER = "Minooc.come-on-chu-chu";
				PRODUCT_NAME = "$(TARGET_NAME)";
				SWIFT_VERSION = 3.0;
			};
			name = Release;
		};
		DA2974CC1F68DEDE005F6B41 /* Debug */ = {
			isa = XCBuildConfiguration;
			buildSettings = {
				ALWAYS_EMBED_SWIFT_STANDARD_LIBRARIES = YES;
				BUNDLE_LOADER = "$(TEST_HOST)";
				DEVELOPMENT_TEAM = Q9XGDB6V8X;
				INFOPLIST_FILE = "come-on-chu-chuTests/Info.plist";
				LD_RUNPATH_SEARCH_PATHS = "$(inherited) @executable_path/Frameworks @loader_path/Frameworks";
				PRODUCT_BUNDLE_IDENTIFIER = "Minooc.come-on-chu-chuTests";
				PRODUCT_NAME = "$(TARGET_NAME)";
				SWIFT_VERSION = 3.0;
				TEST_HOST = "$(BUILT_PRODUCTS_DIR)/come-on-chu-chu.app/come-on-chu-chu";
			};
			name = Debug;
		};
		DA2974CD1F68DEDE005F6B41 /* Release */ = {
			isa = XCBuildConfiguration;
			buildSettings = {
				ALWAYS_EMBED_SWIFT_STANDARD_LIBRARIES = YES;
				BUNDLE_LOADER = "$(TEST_HOST)";
				DEVELOPMENT_TEAM = Q9XGDB6V8X;
				INFOPLIST_FILE = "come-on-chu-chuTests/Info.plist";
				LD_RUNPATH_SEARCH_PATHS = "$(inherited) @executable_path/Frameworks @loader_path/Frameworks";
				PRODUCT_BUNDLE_IDENTIFIER = "Minooc.come-on-chu-chuTests";
				PRODUCT_NAME = "$(TARGET_NAME)";
				SWIFT_VERSION = 3.0;
				TEST_HOST = "$(BUILT_PRODUCTS_DIR)/come-on-chu-chu.app/come-on-chu-chu";
			};
			name = Release;
		};
		DA2974CF1F68DEDE005F6B41 /* Debug */ = {
			isa = XCBuildConfiguration;
			buildSettings = {
				ALWAYS_EMBED_SWIFT_STANDARD_LIBRARIES = YES;
				DEVELOPMENT_TEAM = Q9XGDB6V8X;
				INFOPLIST_FILE = "come-on-chu-chuUITests/Info.plist";
				LD_RUNPATH_SEARCH_PATHS = "$(inherited) @executable_path/Frameworks @loader_path/Frameworks";
				PRODUCT_BUNDLE_IDENTIFIER = "Minooc.come-on-chu-chuUITests";
				PRODUCT_NAME = "$(TARGET_NAME)";
				SWIFT_VERSION = 3.0;
				TEST_TARGET_NAME = "come-on-chu-chu";
			};
			name = Debug;
		};
		DA2974D01F68DEDE005F6B41 /* Release */ = {
			isa = XCBuildConfiguration;
			buildSettings = {
				ALWAYS_EMBED_SWIFT_STANDARD_LIBRARIES = YES;
				DEVELOPMENT_TEAM = Q9XGDB6V8X;
				INFOPLIST_FILE = "come-on-chu-chuUITests/Info.plist";
				LD_RUNPATH_SEARCH_PATHS = "$(inherited) @executable_path/Frameworks @loader_path/Frameworks";
				PRODUCT_BUNDLE_IDENTIFIER = "Minooc.come-on-chu-chuUITests";
				PRODUCT_NAME = "$(TARGET_NAME)";
				SWIFT_VERSION = 3.0;
				TEST_TARGET_NAME = "come-on-chu-chu";
			};
			name = Release;
		};
/* End XCBuildConfiguration section */

/* Begin XCConfigurationList section */
		DA2974951F68DEDE005F6B41 /* Build configuration list for PBXProject "come-on-chu-chu" */ = {
			isa = XCConfigurationList;
			buildConfigurations = (
				DA2974C61F68DEDE005F6B41 /* Debug */,
				DA2974C71F68DEDE005F6B41 /* Release */,
			);
			defaultConfigurationIsVisible = 0;
			defaultConfigurationName = Release;
		};
		DA2974C81F68DEDE005F6B41 /* Build configuration list for PBXNativeTarget "come-on-chu-chu" */ = {
			isa = XCConfigurationList;
			buildConfigurations = (
				DA2974C91F68DEDE005F6B41 /* Debug */,
				DA2974CA1F68DEDE005F6B41 /* Release */,
			);
			defaultConfigurationIsVisible = 0;
			defaultConfigurationName = Release;
		};
		DA2974CB1F68DEDE005F6B41 /* Build configuration list for PBXNativeTarget "come-on-chu-chuTests" */ = {
			isa = XCConfigurationList;
			buildConfigurations = (
				DA2974CC1F68DEDE005F6B41 /* Debug */,
				DA2974CD1F68DEDE005F6B41 /* Release */,
			);
			defaultConfigurationIsVisible = 0;
			defaultConfigurationName = Release;
		};
		DA2974CE1F68DEDE005F6B41 /* Build configuration list for PBXNativeTarget "come-on-chu-chuUITests" */ = {
			isa = XCConfigurationList;
			buildConfigurations = (
				DA2974CF1F68DEDE005F6B41 /* Debug */,
				DA2974D01F68DEDE005F6B41 /* Release */,
			);
			defaultConfigurationIsVisible = 0;
			defaultConfigurationName = Release;
		};
/* End XCConfigurationList section */
	};
	rootObject = DA2974921F68DEDE005F6B41 /* Project object */;
}
